
Microsoft Visual Studio Solution File, Format Version 12.00
# Visual Studio Version 16
VisualStudioVersion = 16.0.30002.166
MinimumVisualStudioVersion = 10.0.40219.1
Project("{FAE04EC0-301F-11D3-BF4B-00C04F79EFBC}") = "BondHunter.App", "BondHunter.App\BondHunter.App.csproj", "{88015F8D-291F-4022-9497-0DBF1185E60D}"
EndProject
Project("{FAE04EC0-301F-11D3-BF4B-00C04F79EFBC}") = "BondHunter", "BondHunter\BondHunter.csproj", "{3D582466-01DD-4296-B62B-3E24122DAA31}"
EndProject
Global
	GlobalSection(SolutionConfigurationPlatforms) = preSolution
		Debug|Any CPU = Debug|Any CPU
		Release|Any CPU = Release|Any CPU
	EndGlobalSection
	GlobalSection(ProjectConfigurationPlatforms) = postSolution
		{88015F8D-291F-4022-9497-0DBF1185E60D}.Debug|Any CPU.ActiveCfg = Debug|Any CPU
		{88015F8D-291F-4022-9497-0DBF1185E60D}.Debug|Any CPU.Build.0 = Debug|Any CPU
		{88015F8D-291F-4022-9497-0DBF1185E60D}.Release|Any CPU.ActiveCfg = Release|Any CPU
		{88015F8D-291F-4022-9497-0DBF1185E60D}.Release|Any CPU.Build.0 = Release|Any CPU
		{3D582466-01DD-4296-B62B-3E24122DAA31}.Debug|Any CPU.ActiveCfg = Debug|Any CPU
		{3D582466-01DD-4296-B62B-3E24122DAA31}.Debug|Any CPU.Build.0 = Debug|Any CPU
		{3D582466-01DD-4296-B62B-3E24122DAA31}.Release|Any CPU.ActiveCfg = Release|Any CPU
		{3D582466-01DD-4296-B62B-3E24122DAA31}.Release|Any CPU.Build.0 = Release|Any CPU
	EndGlobalSection
	GlobalSection(SolutionProperties) = preSolution
		HideSolutionNode = FALSE
	EndGlobalSection
	GlobalSection(ExtensibilityGlobals) = postSolution
		SolutionGuid = {9E3CF112-D9C2-44C9-A06B-C0C8CA31B839}
	EndGlobalSection
EndGlobal
